Microsoft Visual Studio Solution File, Format Version 10.00
# Visual Studio 2008
Project("{8BC9CEB8-8B4A-11D0-8D11-00A0C91BC942}") = "ScreenRotating", "ScreenRotating\ScreenRotating.vcproj", "{A41153E8-7C9A-4FBD-B849-3C6286151E54}"
EndProject
Global
	GlobalSection(SolutionConfigurationPlatforms) = preSolution
		Debug|CHSINT SDK For WinCE 6.0 (ARMV4I) = Debug|CHSINT SDK For WinCE 6.0 (ARMV4I)
		Debug|STANDARDSDK_500 (MIPSII) = Debug|STANDARDSDK_500 (MIPSII)
		Release|CHSINT SDK For WinCE 6.0 (ARMV4I) = Release|CHSINT SDK For WinCE 6.0 (ARMV4I)
		Release|STANDARDSDK_500 (MIPSII) = Release|STANDARDSDK_500 (MIPSII)
	EndGlobalSection
	GlobalSection(ProjectConfigurationPlatforms) = postSolution
		{A41153E8-7C9A-4FBD-B849-3C6286151E54}.Debug|CHSINT SDK For WinCE 6.0 (ARMV4I).ActiveCfg = Debug|CHSINT SDK For WinCE 6.0 (ARMV4I)
		{A41153E8-7C9A-4FBD-B849-3C6286151E54}.Debug|CHSINT SDK For WinCE 6.0 (ARMV4I).Build.0 = Debug|CHSINT SDK For WinCE 6.0 (ARMV4I)
		{A41153E8-7C9A-4FBD-B849-3C6286151E54}.Debug|CHSINT SDK For WinCE 6.0 (ARMV4I).Deploy.0 = Debug|CHSINT SDK For WinCE 6.0 (ARMV4I)
		{A41153E8-7C9A-4FBD-B849-3C6286151E54}.Debug|STANDARDSDK_500 (MIPSII).ActiveCfg = Debug|STANDARDSDK_500 (MIPSII)
		{A41153E8-7C9A-4FBD-B849-3C6286151E54}.Debug|STANDARDSDK_500 (MIPSII).Build.0 = Debug|STANDARDSDK_500 (MIPSII)
		{A41153E8-7C9A-4FBD-B849-3C6286151E54}.Debug|STANDARDSDK_500 (MIPSII).Deploy.0 = Debug|STANDARDSDK_500 (MIPSII)
		{A41153E8-7C9A-4FBD-B849-3C6286151E54}.Release|CHSINT SDK For WinCE 6.0 (ARMV4I).ActiveCfg = Release|CHSINT SDK For WinCE 6.0 (ARMV4I)
		{A41153E8-7C9A-4FBD-B849-3C6286151E54}.Release|CHSINT SDK For WinCE 6.0 (ARMV4I).Build.0 = Release|CHSINT SDK For WinCE 6.0 (ARMV4I)
		{A41153E8-7C9A-4FBD-B849-3C6286151E54}.Release|CHSINT SDK For WinCE 6.0 (ARMV4I).Deploy.0 = Release|CHSINT SDK For WinCE 6.0 (ARMV4I)
		{A41153E8-7C9A-4FBD-B849-3C6286151E54}.Release|STANDARDSDK_500 (MIPSII).ActiveCfg = Release|STANDARDSDK_500 (MIPSII)
		{A41153E8-7C9A-4FBD-B849-3C6286151E54}.Release|STANDARDSDK_500 (MIPSII).Build.0 = Release|STANDARDSDK_500 (MIPSII)
		{A41153E8-7C9A-4FBD-B849-3C6286151E54}.Release|STANDARDSDK_500 (MIPSII).Deploy.0 = Release|STANDARDSDK_500 (MIPSII)
	EndGlobalSection
	GlobalSection(SolutionProperties) = preSolution
		HideSolutionNode = FALSE
	EndGlobalSection
EndGlobal