Microsoft Visual Studio Solution File, Format Version 10.00
# Visual Studio 2008
Project("{8BC9CEB8-8B4A-11D0-8D11-00A0C91BC942}") = "ScreenRefresh", "ScreenRefresh\ScreenRefresh.vcproj", "{D1A27E77-B853-49A0-B1ED-BAF6B0B4F4B9}"
EndProject
Global
	GlobalSection(SolutionConfigurationPlatforms) = preSolution
		Debug|CHSINT SDK For WinCE 6.0 (ARMV4I) = Debug|CHSINT SDK For WinCE 6.0 (ARMV4I)
		Debug|STANDARDSDK_500 (MIPSII) = Debug|STANDARDSDK_500 (MIPSII)
		Release|CHSINT SDK For WinCE 6.0 (ARMV4I) = Release|CHSINT SDK For WinCE 6.0 (ARMV4I)
		Release|STANDARDSDK_500 (MIPSII) = Release|STANDARDSDK_500 (MIPSII)
	EndGlobalSection
	GlobalSection(ProjectConfigurationPlatforms) = postSolution
		{D1A27E77-B853-49A0-B1ED-BAF6B0B4F4B9}.Debug|CHSINT SDK For WinCE 6.0 (ARMV4I).ActiveCfg = Debug|CHSINT SDK For WinCE 6.0 (ARMV4I)
		{D1A27E77-B853-49A0-B1ED-BAF6B0B4F4B9}.Debug|CHSINT SDK For WinCE 6.0 (ARMV4I).Build.0 = Debug|CHSINT SDK For WinCE 6.0 (ARMV4I)
		{D1A27E77-B853-49A0-B1ED-BAF6B0B4F4B9}.Debug|CHSINT SDK For WinCE 6.0 (ARMV4I).Deploy.0 = Debug|CHSINT SDK For WinCE 6.0 (ARMV4I)
		{D1A27E77-B853-49A0-B1ED-BAF6B0B4F4B9}.Debug|STANDARDSDK_500 (MIPSII).ActiveCfg = Debug|STANDARDSDK_500 (MIPSII)
		{D1A27E77-B853-49A0-B1ED-BAF6B0B4F4B9}.Debug|STANDARDSDK_500 (MIPSII).Build.0 = Debug|STANDARDSDK_500 (MIPSII)
		{D1A27E77-B853-49A0-B1ED-BAF6B0B4F4B9}.Debug|STANDARDSDK_500 (MIPSII).Deploy.0 = Debug|STANDARDSDK_500 (MIPSII)
		{D1A27E77-B853-49A0-B1ED-BAF6B0B4F4B9}.Release|CHSINT SDK For WinCE 6.0 (ARMV4I).ActiveCfg = Release|CHSINT SDK For WinCE 6.0 (ARMV4I)
		{D1A27E77-B853-49A0-B1ED-BAF6B0B4F4B9}.Release|CHSINT SDK For WinCE 6.0 (ARMV4I).Build.0 = Release|CHSINT SDK For WinCE 6.0 (ARMV4I)
		{D1A27E77-B853-49A0-B1ED-BAF6B0B4F4B9}.Release|CHSINT SDK For WinCE 6.0 (ARMV4I).Deploy.0 = Release|CHSINT SDK For WinCE 6.0 (ARMV4I)
		{D1A27E77-B853-49A0-B1ED-BAF6B0B4F4B9}.Release|STANDARDSDK_500 (MIPSII).ActiveCfg = Release|STANDARDSDK_500 (MIPSII)
		{D1A27E77-B853-49A0-B1ED-BAF6B0B4F4B9}.Release|STANDARDSDK_500 (MIPSII).Build.0 = Release|STANDARDSDK_500 (MIPSII)
		{D1A27E77-B853-49A0-B1ED-BAF6B0B4F4B9}.Release|STANDARDSDK_500 (MIPSII).Deploy.0 = Release|STANDARDSDK_500 (MIPSII)
	EndGlobalSection
	GlobalSection(SolutionProperties) = preSolution
		HideSolutionNode = FALSE
	EndGlobalSection
EndGlobal